
Microsoft Visual Studio Solution File, Format Version 12.00
# Visual Studio 15
VisualStudioVersion = 15.0.26730.3
MinimumVisualStudioVersion = 10.0.40219.1
Project("{8BC9CEB8-8B4A-11D0-8D11-00A0C91BC942}") = "DarEngine", "source\DarEngine\DarEngine.vcxproj", "{89298C48-B328-4C4F-B2C2-A47CAFE6A50E}"
EndProject
Project("{8BC9CEB8-8B4A-11D0-8D11-00A0C91BC942}") = "Demo", "source\Demo\Demo.vcxproj", "{FF44B029-7DCC-42FD-B568-54B8EA665B45}"
EndProject
Project("{8BC9CEB8-8B4A-11D0-8D11-00A0C91BC942}") = "Effects11", "libraries\Effects11\Effects11_2015.vcxproj", "{DF460EAB-570D-4B50-9089-2E2FC801BF38}"
EndProject
Project("{8BC9CEB8-8B4A-11D0-8D11-00A0C91BC942}") = "DirectXTK_Desktop_2017_Win10", "libraries\DirectXTK\DirectXTK_Desktop_2017_Win10.vcxproj", "{E0B52AE7-E160-4D32-BF3F-910B785E5A8E}"
EndProject
Global
	GlobalSection(SolutionConfigurationPlatforms) = preSolution
		Debug|x64 = Debug|x64
		Debug|x86 = Debug|x86
		Profile|x64 = Profile|x64
		Profile|x86 = Profile|x86
		Release|x64 = Release|x64
		Release|x86 = Release|x86
	EndGlobalSection
	GlobalSection(ProjectConfigurationPlatforms) = postSolution
		{89298C48-B328-4C4F-B2C2-A47CAFE6A50E}.Debug|x64.ActiveCfg = Debug|x64
		{89298C48-B328-4C4F-B2C2-A47CAFE6A50E}.Debug|x64.Build.0 = Debug|x64
		{89298C48-B328-4C4F-B2C2-A47CAFE6A50E}.Debug|x86.ActiveCfg = Debug|Win32
		{89298C48-B328-4C4F-B2C2-A47CAFE6A50E}.Debug|x86.Build.0 = Debug|Win32
		{89298C48-B328-4C4F-B2C2-A47CAFE6A50E}.Profile|x64.ActiveCfg = Release|x64
		{89298C48-B328-4C4F-B2C2-A47CAFE6A50E}.Profile|x64.Build.0 = Release|x64
		{89298C48-B328-4C4F-B2C2-A47CAFE6A50E}.Profile|x86.ActiveCfg = Release|Win32
		{89298C48-B328-4C4F-B2C2-A47CAFE6A50E}.Profile|x86.Build.0 = Release|Win32
		{89298C48-B328-4C4F-B2C2-A47CAFE6A50E}.Release|x64.ActiveCfg = Release|x64
		{89298C48-B328-4C4F-B2C2-A47CAFE6A50E}.Release|x64.Build.0 = Release|x64
		{89298C48-B328-4C4F-B2C2-A47CAFE6A50E}.Release|x86.ActiveCfg = Release|Win32
		{89298C48-B328-4C4F-B2C2-A47CAFE6A50E}.Release|x86.Build.0 = Release|Win32
		{FF44B029-7DCC-42FD-B568-54B8EA665B45}.Debug|x64.ActiveCfg = Debug|x64
		{FF44B029-7DCC-42FD-B568-54B8EA665B45}.Debug|x64.Build.0 = Debug|x64
		{FF44B029-7DCC-42FD-B568-54B8EA665B45}.Debug|x86.ActiveCfg = Debug|Win32
		{FF44B029-7DCC-42FD-B568-54B8EA665B45}.Debug|x86.Build.0 = Debug|Win32
		{FF44B029-7DCC-42FD-B568-54B8EA665B45}.Profile|x64.ActiveCfg = Release|x64
		{FF44B029-7DCC-42FD-B568-54B8EA665B45}.Profile|x64.Build.0 = Release|x64
		{FF44B029-7DCC-42FD-B568-54B8EA665B45}.Profile|x86.ActiveCfg = Release|Win32
		{FF44B029-7DCC-42FD-B568-54B8EA665B45}.Profile|x86.Build.0 = Release|Win32
		{FF44B029-7DCC-42FD-B568-54B8EA665B45}.Release|x64.ActiveCfg = Release|x64
		{FF44B029-7DCC-42FD-B568-54B8EA665B45}.Release|x64.Build.0 = Release|x64
		{FF44B029-7DCC-42FD-B568-54B8EA665B45}.Release|x86.ActiveCfg = Release|Win32
		{FF44B029-7DCC-42FD-B568-54B8EA665B45}.Release|x86.Build.0 = Release|Win32
		{DF460EAB-570D-4B50-9089-2E2FC801BF38}.Debug|x64.ActiveCfg = Debug|x64
		{DF460EAB-570D-4B50-9089-2E2FC801BF38}.Debug|x64.Build.0 = Debug|x64
		{DF460EAB-570D-4B50-9089-2E2FC801BF38}.Debug|x86.ActiveCfg = Debug|Win32
		{DF460EAB-570D-4B50-9089-2E2FC801BF38}.Debug|x86.Build.0 = Debug|Win32
		{DF460EAB-570D-4B50-9089-2E2FC801BF38}.Profile|x64.ActiveCfg = Profile|x64
		{DF460EAB-570D-4B50-9089-2E2FC801BF38}.Profile|x64.Build.0 = Profile|x64
		{DF460EAB-570D-4B50-9089-2E2FC801BF38}.Profile|x86.ActiveCfg = Profile|Win32
		{DF460EAB-570D-4B50-9089-2E2FC801BF38}.Profile|x86.Build.0 = Profile|Win32
		{DF460EAB-570D-4B50-9089-2E2FC801BF38}.Release|x64.ActiveCfg = Release|x64
		{DF460EAB-570D-4B50-9089-2E2FC801BF38}.Release|x64.Build.0 = Release|x64
		{DF460EAB-570D-4B50-9089-2E2FC801BF38}.Release|x86.ActiveCfg = Release|Win32
		{DF460EAB-570D-4B50-9089-2E2FC801BF38}.Release|x86.Build.0 = Release|Win32
		{E0B52AE7-E160-4D32-BF3F-910B785E5A8E}.Debug|x64.ActiveCfg = Debug|x64
		{E0B52AE7-E160-4D32-BF3F-910B785E5A8E}.Debug|x64.Build.0 = Debug|x64
		{E0B52AE7-E160-4D32-BF3F-910B785E5A8E}.Debug|x86.ActiveCfg = Debug|Win32
		{E0B52AE7-E160-4D32-BF3F-910B785E5A8E}.Debug|x86.Build.0 = Debug|Win32
		{E0B52AE7-E160-4D32-BF3F-910B785E5A8E}.Profile|x64.ActiveCfg = Release|x64
		{E0B52AE7-E160-4D32-BF3F-910B785E5A8E}.Profile|x64.Build.0 = Release|x64
		{E0B52AE7-E160-4D32-BF3F-910B785E5A8E}.Profile|x86.ActiveCfg = Release|Win32
		{E0B52AE7-E160-4D32-BF3F-910B785E5A8E}.Profile|x86.Build.0 = Release|Win32
		{E0B52AE7-E160-4D32-BF3F-910B785E5A8E}.Release|x64.ActiveCfg = Release|x64
		{E0B52AE7-E160-4D32-BF3F-910B785E5A8E}.Release|x64.Build.0 = Release|x64
		{E0B52AE7-E160-4D32-BF3F-910B785E5A8E}.Release|x86.ActiveCfg = Release|Win32
		{E0B52AE7-E160-4D32-BF3F-910B785E5A8E}.Release|x86.Build.0 = Release|Win32
	EndGlobalSection
	GlobalSection(SolutionProperties) = preSolution
		HideSolutionNode = FALSE
	EndGlobalSection
	GlobalSection(ExtensibilityGlobals) = postSolution
		SolutionGuid = {A782E3A8-9728-43AB-A7DF-7869F7928FB1}
	EndGlobalSection
EndGlobal
