<?xml version="1.0" encoding="utf-8"?>
<Project ToolsVersion="4.0" xmlns="http://schemas.microsoft.com/developer/msbuild/2003">
  <ItemGroup>
    <Filter Include="Source Files">
      <UniqueIdentifier>{4FC737F1-C7A5-4376-A066-2A32D752A2FF}</UniqueIdentifier>
      <Extensions>cpp;c;cc;cxx;def;odl;idl;hpj;bat;asm;asmx;h;hh;hpp;hxx;hm;inl;inc;xsd</Extensions>
    </Filter>
    <Filter Include="Resource Files">
      <UniqueIdentifier>{67DA6AB6-F800-4c08-8B7A-83BB121AAD01}</UniqueIdentifier>
      <Extensions>rc;ico;cur;bmp;dlg;rc2;rct;bin;rgs;gif;jpg;jpeg;jpe;resx;tiff;tif;png;wav;mfcribbon-ms</Extensions>
    </Filter>
    <Filter Include="Source Files\Utilities">
      <UniqueIdentifier>{588866dc-d414-4528-9a28-0c32c9928b8b}</UniqueIdentifier>
    </Filter>
    <Filter Include="Source Files\Utilities\Win32">
      <UniqueIdentifier>{93e33fca-590a-4f6d-ab78-c254a667a0b1}</UniqueIdentifier>
    </Filter>
    <Filter Include="Source Files\Utilities\DirectX11">
      <UniqueIdentifier>{227a15b7-13c5-4b1b-8fcf-f7eee40dbabc}</UniqueIdentifier>
    </Filter>
    <Filter Include="Source Files\Diagnostics">
      <UniqueIdentifier>{615b466a-027a-481e-a5a7-ebe974806da1}</UniqueIdentifier>
    </Filter>
    <Filter Include="Source Files\Timing">
      <UniqueIdentifier>{91ddc5a0-2928-4632-940d-902532c13b5a}</UniqueIdentifier>
    </Filter>
  </ItemGroup>
  <ItemGroup>
    <ClInclude Include="Utilities\Win32\Window.h">
      <Filter>Source Files\Utilities\Win32</Filter>
    </ClInclude>
    <ClInclude Include="Event.h">
      <Filter>Source Files</Filter>
    </ClInclude>
    <ClInclude Include="Game.h">
      <Filter>Source Files</Filter>
    </ClInclude>
    <ClInclude Include="stdafx.h">
      <Filter>Source Files</Filter>
    </ClInclude>
    <ClInclude Include="targetver.h">
      <Filter>Source Files</Filter>
    </ClInclude>
    <ClInclude Include="Utilities\DirectX11\D3DContext.h">
      <Filter>Source Files\Utilities\DirectX11</Filter>
    </ClInclude>
    <ClInclude Include="Diagnostics\Exception.h">
      <Filter>Source Files\Diagnostics</Filter>
    </ClInclude>
    <ClInclude Include="IGameObjectComponent.h">
      <Filter>Source Files</Filter>
    </ClInclude>
    <ClInclude Include="IDrawableGameObjectComponent.h">
      <Filter>Source Files</Filter>
    </ClInclude>
    <ClInclude Include="Timing\Clock.h">
      <Filter>Source Files\Timing</Filter>
    </ClInclude>
    <ClInclude Include="GameObject.h">
      <Filter>Source Files</Filter>
    </ClInclude>
  </ItemGroup>
  <ItemGroup>
    <ClCompile Include="stdafx.cpp">
      <Filter>Source Files</Filter>
    </ClCompile>
    <ClCompile Include="Game.cpp">
      <Filter>Source Files</Filter>
    </ClCompile>
    <ClCompile Include="Utilities\Win32\Window.cpp">
      <Filter>Source Files\Utilities\Win32</Filter>
    </ClCompile>
    <ClCompile Include="Utilities\DirectX11\D3DContext.cpp">
      <Filter>Source Files\Utilities\DirectX11</Filter>
    </ClCompile>
    <ClCompile Include="Diagnostics\Exception.cpp">
      <Filter>Source Files\Diagnostics</Filter>
    </ClCompile>
    <ClCompile Include="Timing\Clock.cpp">
      <Filter>Source Files\Timing</Filter>
    </ClCompile>
    <ClCompile Include="GameObject.cpp">
      <Filter>Source Files</Filter>
    </ClCompile>
  </ItemGroup>
</Project>