<?xml version="1.0" encoding="utf-8"?>
<Project ToolsVersion="4.0" xmlns="http://schemas.microsoft.com/developer/msbuild/2003">
  <ItemGroup>
    <Filter Include="Documentation">
      <UniqueIdentifier>{194c0e31-cbd9-49b8-a15f-b97378febe78}</UniqueIdentifier>
      <Extensions>cd;pdf</Extensions>
    </Filter>
    <Filter Include="Source">
      <UniqueIdentifier>{d765425d-0b6d-4459-a2f5-acdab78db819}</UniqueIdentifier>
    </Filter>
    <Filter Include="Source\Application">
      <UniqueIdentifier>{c848caca-cd63-4cf2-97ef-8aac27d828e3}</UniqueIdentifier>
    </Filter>
    <Filter Include="Source\Math">
      <UniqueIdentifier>{df7449b8-a39c-4f0a-aadb-44208166579a}</UniqueIdentifier>
    </Filter>
    <Filter Include="Source\Object">
      <UniqueIdentifier>{8729153f-86e6-48f2-8f25-17920e9b3366}</UniqueIdentifier>
    </Filter>
    <Filter Include="Source\Platform">
      <UniqueIdentifier>{3d2235a2-5d57-4348-a99a-cf64396e6ee1}</UniqueIdentifier>
    </Filter>
    <Filter Include="Source\Diagnostics">
      <UniqueIdentifier>{c4748f36-708f-4eea-a947-aaba5e51fa33}</UniqueIdentifier>
    </Filter>
  </ItemGroup>
  <ItemGroup>
    <ClInclude Include="stdafx.h">
      <Filter>Source</Filter>
    </ClInclude>
    <ClInclude Include="targetver.h">
      <Filter>Source</Filter>
    </ClInclude>
    <ClInclude Include="Source\Math\Transform.h">
      <Filter>Source\Math</Filter>
    </ClInclude>
    <ClInclude Include="Source\Application\ADirectXApplication.h">
      <Filter>Source\Application</Filter>
    </ClInclude>
    <ClInclude Include="Source\Object\Object.h">
      <Filter>Source\Object</Filter>
    </ClInclude>
    <ClInclude Include="Source\Object\RenderableObject.h">
      <Filter>Source\Object</Filter>
    </ClInclude>
    <ClInclude Include="Source\Object\SceneObject.h">
      <Filter>Source\Object</Filter>
    </ClInclude>
    <ClInclude Include="Source\Platform\Metrics.h">
      <Filter>Source\Platform</Filter>
    </ClInclude>
  </ItemGroup>
  <ItemGroup>
    <None Include="Documentation\ClassDiagram.cd">
      <Filter>Documentation</Filter>
    </None>
    <None Include="ObjectHierarchy.cd">
      <Filter>Documentation</Filter>
    </None>
    <None Include="Source\Platform\Metrics.inl">
      <Filter>Source\Platform</Filter>
    </None>
  </ItemGroup>
  <ItemGroup>
    <ClCompile Include="stdafx.cpp">
      <Filter>Source</Filter>
    </ClCompile>
    <ClCompile Include="Source\Math\Transform.cpp">
      <Filter>Source\Math</Filter>
    </ClCompile>
    <ClCompile Include="Source\Application\ADirectXApplication.cpp">
      <Filter>Source\Application</Filter>
    </ClCompile>
  </ItemGroup>
</Project>