<?xml version="1.0" encoding="utf-8"?>
<Project ToolsVersion="4.0" xmlns="http://schemas.microsoft.com/developer/msbuild/2003">
  <ItemGroup>
    <Filter Include="Source Files">
      <UniqueIdentifier>{66355aad-4908-4836-b6ce-96359a046068}</UniqueIdentifier>
    </Filter>
    <Filter Include="Header Files">
      <UniqueIdentifier>{d8c05472-bca5-44c2-82cd-4a24ee7c21ae}</UniqueIdentifier>
    </Filter>
    <Filter Include="Documentation">
      <UniqueIdentifier>{194c0e31-cbd9-49b8-a15f-b97378febe78}</UniqueIdentifier>
      <Extensions>cd;pdf</Extensions>
    </Filter>
    <Filter Include="Header Files\Object">
      <UniqueIdentifier>{ac251fb2-9ff2-420c-93b6-24abafdc0d09}</UniqueIdentifier>
    </Filter>
  </ItemGroup>
  <ItemGroup>
    <ClInclude Include="Object.h">
      <Filter>Header Files</Filter>
    </ClInclude>
    <ClInclude Include="SceneObject.h">
      <Filter>Header Files</Filter>
    </ClInclude>
    <ClInclude Include="Transform.h">
      <Filter>Header Files</Filter>
    </ClInclude>
    <ClInclude Include="RenderableObject.h">
      <Filter>Header Files</Filter>
    </ClInclude>
    <ClInclude Include="ADirectXApplication.h" />
  </ItemGroup>
  <ItemGroup>
    <None Include="Documentation\ClassDiagram.cd">
      <Filter>Documentation</Filter>
    </None>
    <None Include="ObjectHierarchy.cd">
      <Filter>Documentation</Filter>
    </None>
  </ItemGroup>
  <ItemGroup>
    <ClCompile Include="ADirectXApplication.cpp" />
  </ItemGroup>
</Project>