<?xml version="1.0" encoding="utf-8"?>
<Project ToolsVersion="4.0" xmlns="http://schemas.microsoft.com/developer/msbuild/2003">
  <ItemGroup>
    <Filter Include="Documentation">
      <UniqueIdentifier>{194c0e31-cbd9-49b8-a15f-b97378febe78}</UniqueIdentifier>
      <Extensions>cd;pdf</Extensions>
    </Filter>
    <Filter Include="Source">
      <UniqueIdentifier>{d765425d-0b6d-4459-a2f5-acdab78db819}</UniqueIdentifier>
    </Filter>
    <Filter Include="Source\Application">
      <UniqueIdentifier>{c848caca-cd63-4cf2-97ef-8aac27d828e3}</UniqueIdentifier>
    </Filter>
    <Filter Include="Source\Math">
      <UniqueIdentifier>{df7449b8-a39c-4f0a-aadb-44208166579a}</UniqueIdentifier>
    </Filter>
    <Filter Include="Source\Object">
      <UniqueIdentifier>{8729153f-86e6-48f2-8f25-17920e9b3366}</UniqueIdentifier>
    </Filter>
  </ItemGroup>
  <ItemGroup>
    <ClInclude Include="Object.h">
      <Filter>Source\Object</Filter>
    </ClInclude>
    <ClInclude Include="RenderableObject.h">
      <Filter>Source\Object</Filter>
    </ClInclude>
    <ClInclude Include="SceneObject.h">
      <Filter>Source\Object</Filter>
    </ClInclude>
    <ClInclude Include="ADirectXApplication.h">
      <Filter>Source\Application</Filter>
    </ClInclude>
    <ClInclude Include="Transform.h">
      <Filter>Source\Math</Filter>
    </ClInclude>
  </ItemGroup>
  <ItemGroup>
    <None Include="Documentation\ClassDiagram.cd">
      <Filter>Documentation</Filter>
    </None>
    <None Include="ObjectHierarchy.cd">
      <Filter>Documentation</Filter>
    </None>
  </ItemGroup>
  <ItemGroup>
    <ClCompile Include="ADirectXApplication.cpp">
      <Filter>Source\Application</Filter>
    </ClCompile>
  </ItemGroup>
</Project>